// !$*UTF8*$!
{
	archiveVersion = 1;
	classes = {
	};
	objectVersion = 56;
	objects = {

/* Begin PBXBuildFile section */
		F310FFE42A09F4BD0093365E /* AddMealView.swift in Sources */ = {isa = PBXBuildFile; fileRef = F310FFE32A09F4BD0093365E /* AddMealView.swift */; };
		F310FFE72A09FA6A0093365E /* CalorieRowView.swift in Sources */ = {isa = PBXBuildFile; fileRef = F310FFE62A09FA6A0093365E /* CalorieRowView.swift */; };
		F310FFE92A0A01360093365E /* MainTabView.swift in Sources */ = {isa = PBXBuildFile; fileRef = F310FFE82A0A01360093365E /* MainTabView.swift */; };
		F310FFEC2A0A02500093365E /* WorkoutMainView.swift in Sources */ = {isa = PBXBuildFile; fileRef = F310FFEB2A0A02500093365E /* WorkoutMainView.swift */; };
		F310FFEE2A0A29EE0093365E /* NewWorkoutPlanView.swift in Sources */ = {isa = PBXBuildFile; fileRef = F310FFED2A0A29EE0093365E /* NewWorkoutPlanView.swift */; };
		F310FFF02A0A2B720093365E /* NewSingleWorkoutView.swift in Sources */ = {isa = PBXBuildFile; fileRef = F310FFEF2A0A2B720093365E /* NewSingleWorkoutView.swift */; };
		F310FFF22A0A2FC60093365E /* WorkoutPlanRowView.swift in Sources */ = {isa = PBXBuildFile; fileRef = F310FFF12A0A2FC60093365E /* WorkoutPlanRowView.swift */; };
		F310FFF42A0A349C0093365E /* SingleWorkoutPlanRowView.swift in Sources */ = {isa = PBXBuildFile; fileRef = F310FFF32A0A349C0093365E /* SingleWorkoutPlanRowView.swift */; };
		F310FFF72A0AB8FE0093365E /* CalorieSectionView.swift in Sources */ = {isa = PBXBuildFile; fileRef = F310FFF62A0AB8FE0093365E /* CalorieSectionView.swift */; };
		F310FFFA2A0ABDC60093365E /* WorkoutSectionView.swift in Sources */ = {isa = PBXBuildFile; fileRef = F310FFF92A0ABDC60093365E /* WorkoutSectionView.swift */; };
		F32DBD062A1B2C69007ECFFC /* SignUpView.swift in Sources */ = {isa = PBXBuildFile; fileRef = F32DBD052A1B2C69007ECFFC /* SignUpView.swift */; };
		F32DBD082A1B3481007ECFFC /* SignInView.swift in Sources */ = {isa = PBXBuildFile; fileRef = F32DBD072A1B3480007ECFFC /* SignInView.swift */; };
		F32DBD0A2A1B3BAF007ECFFC /* FeedStartView.swift in Sources */ = {isa = PBXBuildFile; fileRef = F32DBD092A1B3BAF007ECFFC /* FeedStartView.swift */; };
		F32DBD0C2A1B3E50007ECFFC /* OnboardingSelectionView.swift in Sources */ = {isa = PBXBuildFile; fileRef = F32DBD0B2A1B3E50007ECFFC /* OnboardingSelectionView.swift */; };
		F33B44042A17367C00B83FFA /* HomeStatsView.swift in Sources */ = {isa = PBXBuildFile; fileRef = F33B44032A17367C00B83FFA /* HomeStatsView.swift */; };
		F33B44062A17372D00B83FFA /* StatsRectangleView.swift in Sources */ = {isa = PBXBuildFile; fileRef = F33B44052A17372D00B83FFA /* StatsRectangleView.swift */; };
		F33B440D2A185D5E00B83FFA /* HomeWorkoutView.swift in Sources */ = {isa = PBXBuildFile; fileRef = F33B440C2A185D5E00B83FFA /* HomeWorkoutView.swift */; };
		F33B44102A19E11400B83FFA /* GoogleService-Info.plist in Resources */ = {isa = PBXBuildFile; fileRef = F33B440F2A19E11400B83FFA /* GoogleService-Info.plist */; };
		F33B44132A19E22A00B83FFA /* FirebaseAuth in Frameworks */ = {isa = PBXBuildFile; productRef = F33B44122A19E22A00B83FFA /* FirebaseAuth */; };
		F33B44152A19E22A00B83FFA /* FirebaseFirestore in Frameworks */ = {isa = PBXBuildFile; productRef = F33B44142A19E22A00B83FFA /* FirebaseFirestore */; };
		F33B44182A19E24600B83FFA /* FirebaseStorage in Frameworks */ = {isa = PBXBuildFile; productRef = F33B44172A19E24600B83FFA /* FirebaseStorage */; };
		F33B441A2A19E3DC00B83FFA /* UserDataModel.swift in Sources */ = {isa = PBXBuildFile; fileRef = F33B44192A19E3DC00B83FFA /* UserDataModel.swift */; };
		F34E6A012A0B8301002B5A53 /* HomeMainView.swift in Sources */ = {isa = PBXBuildFile; fileRef = F34E6A002A0B8301002B5A53 /* HomeMainView.swift */; };
		F34E6A032A0B84EB002B5A53 /* Service.swift in Sources */ = {isa = PBXBuildFile; fileRef = F34E6A022A0B84EB002B5A53 /* Service.swift */; };
		F363A9F02A15B950006B7041 /* HomeScrollView.swift in Sources */ = {isa = PBXBuildFile; fileRef = F363A9EF2A15B950006B7041 /* HomeScrollView.swift */; };
		F366614F2A04CFEC00166299 /* WorkoutPalApp.swift in Sources */ = {isa = PBXBuildFile; fileRef = F366614E2A04CFEC00166299 /* WorkoutPalApp.swift */; };
		F36661512A04CFEC00166299 /* CalorieTrackerView.swift in Sources */ = {isa = PBXBuildFile; fileRef = F36661502A04CFEC00166299 /* CalorieTrackerView.swift */; };
		F36661532A04CFEC00166299 /* Assets.xcassets in Resources */ = {isa = PBXBuildFile; fileRef = F36661522A04CFEC00166299 /* Assets.xcassets */; };
		F36661562A04CFEC00166299 /* Preview Assets.xcassets in Resources */ = {isa = PBXBuildFile; fileRef = F36661552A04CFEC00166299 /* Preview Assets.xcassets */; };
		F36661602A04D11B00166299 /* DataModel.swift in Sources */ = {isa = PBXBuildFile; fileRef = F366615F2A04D11B00166299 /* DataModel.swift */; };
		F36661632A04D17000166299 /* WorkoutContainer.xcdatamodeld in Sources */ = {isa = PBXBuildFile; fileRef = F36661612A04D17000166299 /* WorkoutContainer.xcdatamodeld */; };
		F37CB3942A2DB620005E3E82 /* DateExtensions.swift in Sources */ = {isa = PBXBuildFile; fileRef = F37CB3932A2DB620005E3E82 /* DateExtensions.swift */; };
		F3AD77A92A1D9CE700499545 /* ProfileMainView.swift in Sources */ = {isa = PBXBuildFile; fileRef = F3AD77A82A1D9CE700499545 /* ProfileMainView.swift */; };
		F3AD77AC2A1D9F9500499545 /* ProfileHeaderComp.swift in Sources */ = {isa = PBXBuildFile; fileRef = F3AD77AB2A1D9F9500499545 /* ProfileHeaderComp.swift */; };
		F3AD77AE2A1DA13300499545 /* FeedMainView.swift in Sources */ = {isa = PBXBuildFile; fileRef = F3AD77AD2A1DA13300499545 /* FeedMainView.swift */; };
		F3AD77B02A1DAFAD00499545 /* FeedDataModel.swift in Sources */ = {isa = PBXBuildFile; fileRef = F3AD77AF2A1DAFAD00499545 /* FeedDataModel.swift */; };
		F3AD77B22A1DC0C400499545 /* ForYouFeedView.swift in Sources */ = {isa = PBXBuildFile; fileRef = F3AD77B12A1DC0C400499545 /* ForYouFeedView.swift */; };
		F3AD77B42A1DC47900499545 /* FeedNewMessageView.swift in Sources */ = {isa = PBXBuildFile; fileRef = F3AD77B32A1DC47900499545 /* FeedNewMessageView.swift */; };
		F3AD77B62A1DD85900499545 /* ProfileYourPostView.swift in Sources */ = {isa = PBXBuildFile; fileRef = F3AD77B52A1DD85900499545 /* ProfileYourPostView.swift */; };
		F3CD92FF2A25E83700EE4125 /* CustomErrors.swift in Sources */ = {isa = PBXBuildFile; fileRef = F3CD92FE2A25E83700EE4125 /* CustomErrors.swift */; };
		F3DE2AC92A2487F0000EE848 /* LoadingView.swift in Sources */ = {isa = PBXBuildFile; fileRef = F3DE2AC82A2487F0000EE848 /* LoadingView.swift */; };
		F3DE2AD02A24AE45000EE848 /* MessageFeed.swift in Sources */ = {isa = PBXBuildFile; fileRef = F3DE2ACF2A24AE45000EE848 /* MessageFeed.swift */; };
		F3DE2AD32A259E7B000EE848 /* PostView.swift in Sources */ = {isa = PBXBuildFile; fileRef = F3DE2AD22A259E7B000EE848 /* PostView.swift */; };
		F3DE2AD62A25A252000EE848 /* SDWebImageSwiftUI in Frameworks */ = {isa = PBXBuildFile; productRef = F3DE2AD52A25A252000EE848 /* SDWebImageSwiftUI */; };
/* End PBXBuildFile section */

/* Begin PBXFileReference section */
		F310FFE32A09F4BD0093365E /* AddMealView.swift */ = {isa = PBXFileReference; lastKnownFileType = sourcecode.swift; path = AddMealView.swift; sourceTree = "<group>"; };
		F310FFE62A09FA6A0093365E /* CalorieRowView.swift */ = {isa = PBXFileReference; lastKnownFileType = sourcecode.swift; path = CalorieRowView.swift; sourceTree = "<group>"; };
		F310FFE82A0A01360093365E /* MainTabView.swift */ = {isa = PBXFileReference; lastKnownFileType = sourcecode.swift; path = MainTabView.swift; sourceTree = "<group>"; };
		F310FFEB2A0A02500093365E /* WorkoutMainView.swift */ = {isa = PBXFileReference; lastKnownFileType = sourcecode.swift; path = WorkoutMainView.swift; sourceTree = "<group>"; };
		F310FFED2A0A29EE0093365E /* NewWorkoutPlanView.swift */ = {isa = PBXFileReference; lastKnownFileType = sourcecode.swift; path = NewWorkoutPlanView.swift; sourceTree = "<group>"; };
		F310FFEF2A0A2B720093365E /* NewSingleWorkoutView.swift */ = {isa = PBXFileReference; lastKnownFileType = sourcecode.swift; path = NewSingleWorkoutView.swift; sourceTree = "<group>"; };
		F310FFF12A0A2FC60093365E /* WorkoutPlanRowView.swift */ = {isa = PBXFileReference; lastKnownFileType = sourcecode.swift; path = WorkoutPlanRowView.swift; sourceTree = "<group>"; };
		F310FFF32A0A349C0093365E /* SingleWorkoutPlanRowView.swift */ = {isa = PBXFileReference; lastKnownFileType = sourcecode.swift; path = SingleWorkoutPlanRowView.swift; sourceTree = "<group>"; };
		F310FFF62A0AB8FE0093365E /* CalorieSectionView.swift */ = {isa = PBXFileReference; lastKnownFileType = sourcecode.swift; path = CalorieSectionView.swift; sourceTree = "<group>"; };
		F310FFF92A0ABDC60093365E /* WorkoutSectionView.swift */ = {isa = PBXFileReference; lastKnownFileType = sourcecode.swift; path = WorkoutSectionView.swift; sourceTree = "<group>"; };
		F32DBD052A1B2C69007ECFFC /* SignUpView.swift */ = {isa = PBXFileReference; lastKnownFileType = sourcecode.swift; path = SignUpView.swift; sourceTree = "<group>"; };
		F32DBD072A1B3480007ECFFC /* SignInView.swift */ = {isa = PBXFileReference; lastKnownFileType = sourcecode.swift; path = SignInView.swift; sourceTree = "<group>"; };
		F32DBD092A1B3BAF007ECFFC /* FeedStartView.swift */ = {isa = PBXFileReference; lastKnownFileType = sourcecode.swift; path = FeedStartView.swift; sourceTree = "<group>"; };
		F32DBD0B2A1B3E50007ECFFC /* OnboardingSelectionView.swift */ = {isa = PBXFileReference; lastKnownFileType = sourcecode.swift; path = OnboardingSelectionView.swift; sourceTree = "<group>"; };
		F33B44032A17367C00B83FFA /* HomeStatsView.swift */ = {isa = PBXFileReference; lastKnownFileType = sourcecode.swift; path = HomeStatsView.swift; sourceTree = "<group>"; };
		F33B44052A17372D00B83FFA /* StatsRectangleView.swift */ = {isa = PBXFileReference; lastKnownFileType = sourcecode.swift; path = StatsRectangleView.swift; sourceTree = "<group>"; };
		F33B440C2A185D5E00B83FFA /* HomeWorkoutView.swift */ = {isa = PBXFileReference; lastKnownFileType = sourcecode.swift; path = HomeWorkoutView.swift; sourceTree = "<group>"; };
		F33B440F2A19E11400B83FFA /* GoogleService-Info.plist */ = {isa = PBXFileReference; fileEncoding = 4; lastKnownFileType = text.plist.xml; path = "GoogleService-Info.plist"; sourceTree = "<group>"; };
		F33B44192A19E3DC00B83FFA /* UserDataModel.swift */ = {isa = PBXFileReference; lastKnownFileType = sourcecode.swift; path = UserDataModel.swift; sourceTree = "<group>"; };
		F34E6A002A0B8301002B5A53 /* HomeMainView.swift */ = {isa = PBXFileReference; lastKnownFileType = sourcecode.swift; path = HomeMainView.swift; sourceTree = "<group>"; };
		F34E6A022A0B84EB002B5A53 /* Service.swift */ = {isa = PBXFileReference; lastKnownFileType = sourcecode.swift; path = Service.swift; sourceTree = "<group>"; };
		F363A9EF2A15B950006B7041 /* HomeScrollView.swift */ = {isa = PBXFileReference; lastKnownFileType = sourcecode.swift; path = HomeScrollView.swift; sourceTree = "<group>"; };
		F366614B2A04CFEC00166299 /* WorkoutPal.app */ = {isa = PBXFileReference; explicitFileType = wrapper.application; includeInIndex = 0; path = WorkoutPal.app; sourceTree = BUILT_PRODUCTS_DIR; };
		F366614E2A04CFEC00166299 /* WorkoutPalApp.swift */ = {isa = PBXFileReference; lastKnownFileType = sourcecode.swift; path = WorkoutPalApp.swift; sourceTree = "<group>"; };
		F36661502A04CFEC00166299 /* CalorieTrackerView.swift */ = {isa = PBXFileReference; lastKnownFileType = sourcecode.swift; path = CalorieTrackerView.swift; sourceTree = "<group>"; };
		F36661522A04CFEC00166299 /* Assets.xcassets */ = {isa = PBXFileReference; lastKnownFileType = folder.assetcatalog; path = Assets.xcassets; sourceTree = "<group>"; };
		F36661552A04CFEC00166299 /* Preview Assets.xcassets */ = {isa = PBXFileReference; lastKnownFileType = folder.assetcatalog; path = "Preview Assets.xcassets"; sourceTree = "<group>"; };
		F366615F2A04D11B00166299 /* DataModel.swift */ = {isa = PBXFileReference; lastKnownFileType = sourcecode.swift; path = DataModel.swift; sourceTree = "<group>"; };
		F36661622A04D17000166299 /* WorkoutContainer.xcdatamodel */ = {isa = PBXFileReference; lastKnownFileType = wrapper.xcdatamodel; path = WorkoutContainer.xcdatamodel; sourceTree = "<group>"; };
		F37CB3932A2DB620005E3E82 /* DateExtensions.swift */ = {isa = PBXFileReference; lastKnownFileType = sourcecode.swift; path = DateExtensions.swift; sourceTree = "<group>"; };
		F3AD77A82A1D9CE700499545 /* ProfileMainView.swift */ = {isa = PBXFileReference; lastKnownFileType = sourcecode.swift; path = ProfileMainView.swift; sourceTree = "<group>"; };
		F3AD77AB2A1D9F9500499545 /* ProfileHeaderComp.swift */ = {isa = PBXFileReference; lastKnownFileType = sourcecode.swift; path = ProfileHeaderComp.swift; sourceTree = "<group>"; };
		F3AD77AD2A1DA13300499545 /* FeedMainView.swift */ = {isa = PBXFileReference; lastKnownFileType = sourcecode.swift; path = FeedMainView.swift; sourceTree = "<group>"; };
		F3AD77AF2A1DAFAD00499545 /* FeedDataModel.swift */ = {isa = PBXFileReference; lastKnownFileType = sourcecode.swift; path = FeedDataModel.swift; sourceTree = "<group>"; };
		F3AD77B12A1DC0C400499545 /* ForYouFeedView.swift */ = {isa = PBXFileReference; lastKnownFileType = sourcecode.swift; path = ForYouFeedView.swift; sourceTree = "<group>"; };
		F3AD77B32A1DC47900499545 /* FeedNewMessageView.swift */ = {isa = PBXFileReference; lastKnownFileType = sourcecode.swift; path = FeedNewMessageView.swift; sourceTree = "<group>"; };
		F3AD77B52A1DD85900499545 /* ProfileYourPostView.swift */ = {isa = PBXFileReference; lastKnownFileType = sourcecode.swift; path = ProfileYourPostView.swift; sourceTree = "<group>"; };
		F3CD92FE2A25E83700EE4125 /* CustomErrors.swift */ = {isa = PBXFileReference; lastKnownFileType = sourcecode.swift; path = CustomErrors.swift; sourceTree = "<group>"; };
		F3DE2AC82A2487F0000EE848 /* LoadingView.swift */ = {isa = PBXFileReference; lastKnownFileType = sourcecode.swift; path = LoadingView.swift; sourceTree = "<group>"; };
		F3DE2ACF2A24AE45000EE848 /* MessageFeed.swift */ = {isa = PBXFileReference; lastKnownFileType = sourcecode.swift; path = MessageFeed.swift; sourceTree = "<group>"; };
		F3DE2AD22A259E7B000EE848 /* PostView.swift */ = {isa = PBXFileReference; lastKnownFileType = sourcecode.swift; path = PostView.swift; sourceTree = "<group>"; };
/* End PBXFileReference section */

/* Begin PBXFrameworksBuildPhase section */
		F36661482A04CFEC00166299 /* Frameworks */ = {
			isa = PBXFrameworksBuildPhase;
			buildActionMask = 2147483647;
			files = (
				F3DE2AD62A25A252000EE848 /* SDWebImageSwiftUI in Frameworks */,
				F33B44132A19E22A00B83FFA /* FirebaseAuth in Frameworks */,
				F33B44152A19E22A00B83FFA /* FirebaseFirestore in Frameworks */,
				F33B44182A19E24600B83FFA /* FirebaseStorage in Frameworks */,
			);
			runOnlyForDeploymentPostprocessing = 0;
		};
/* End PBXFrameworksBuildPhase section */

/* Begin PBXGroup section */
		F310FFE52A09FA540093365E /* CalorieComponents */ = {
			isa = PBXGroup;
			children = (
				F310FFE62A09FA6A0093365E /* CalorieRowView.swift */,
				F310FFF62A0AB8FE0093365E /* CalorieSectionView.swift */,
			);
			path = CalorieComponents;
			sourceTree = "<group>";
		};
		F310FFEA2A0A02390093365E /* CalorieTracker */ = {
			isa = PBXGroup;
			children = (
				F36661502A04CFEC00166299 /* CalorieTrackerView.swift */,
				F310FFE32A09F4BD0093365E /* AddMealView.swift */,
			);
			path = CalorieTracker;
			sourceTree = "<group>";
		};
		F310FFF52A0AA8970093365E /* Workout */ = {
			isa = PBXGroup;
			children = (
				F310FFF32A0A349C0093365E /* SingleWorkoutPlanRowView.swift */,
				F310FFEB2A0A02500093365E /* WorkoutMainView.swift */,
				F310FFF12A0A2FC60093365E /* WorkoutPlanRowView.swift */,
				F310FFED2A0A29EE0093365E /* NewWorkoutPlanView.swift */,
				F310FFEF2A0A2B720093365E /* NewSingleWorkoutView.swift */,
			);
			path = Workout;
			sourceTree = "<group>";
		};
		F310FFF82A0ABDB40093365E /* WorkoutComponents */ = {
			isa = PBXGroup;
			children = (
				F310FFF92A0ABDC60093365E /* WorkoutSectionView.swift */,
			);
			path = WorkoutComponents;
			sourceTree = "<group>";
		};
		F32DBD022A1B2C41007ECFFC /* Feed */ = {
			isa = PBXGroup;
			children = (
				F32DBD092A1B3BAF007ECFFC /* FeedStartView.swift */,
				F3AD77AD2A1DA13300499545 /* FeedMainView.swift */,
				F3AD77B32A1DC47900499545 /* FeedNewMessageView.swift */,
			);
			path = Feed;
			sourceTree = "<group>";
		};
		F32DBD032A1B2C4C007ECFFC /* Profile */ = {
			isa = PBXGroup;
			children = (
				F3AD77A82A1D9CE700499545 /* ProfileMainView.swift */,
			);
			path = Profile;
			sourceTree = "<group>";
		};
		F32DBD042A1B2C58007ECFFC /* Onboarding */ = {
			isa = PBXGroup;
			children = (
				F32DBD052A1B2C69007ECFFC /* SignUpView.swift */,
				F32DBD072A1B3480007ECFFC /* SignInView.swift */,
				F32DBD0B2A1B3E50007ECFFC /* OnboardingSelectionView.swift */,
			);
			path = Onboarding;
			sourceTree = "<group>";
		};
		F33B44072A173AD900B83FFA /* HomeCpmponents */ = {
			isa = PBXGroup;
			children = (
				F33B44032A17367C00B83FFA /* HomeStatsView.swift */,
				F33B44052A17372D00B83FFA /* StatsRectangleView.swift */,
				F363A9EF2A15B950006B7041 /* HomeScrollView.swift */,
			);
			path = HomeCpmponents;
			sourceTree = "<group>";
		};
		F33B440E2A19DE5400B83FFA /* HomeView */ = {
			isa = PBXGroup;
			children = (
				F34E6A002A0B8301002B5A53 /* HomeMainView.swift */,
				F33B440C2A185D5E00B83FFA /* HomeWorkoutView.swift */,
			);
			path = HomeView;
			sourceTree = "<group>";
		};
		F33B44162A19E24600B83FFA /* Frameworks */ = {
			isa = PBXGroup;
			children = (
			);
			name = Frameworks;
			sourceTree = "<group>";
		};
		F36661422A04CFEB00166299 = {
			isa = PBXGroup;
			children = (
				F366614D2A04CFEC00166299 /* WorkoutPal */,
				F366614C2A04CFEC00166299 /* Products */,
				F33B44162A19E24600B83FFA /* Frameworks */,
			);
			sourceTree = "<group>";
		};
		F366614C2A04CFEC00166299 /* Products */ = {
			isa = PBXGroup;
			children = (
				F366614B2A04CFEC00166299 /* WorkoutPal.app */,
			);
			name = Products;
			sourceTree = "<group>";
		};
		F366614D2A04CFEC00166299 /* WorkoutPal */ = {
			isa = PBXGroup;
			children = (
				F3DE2AD12A2577B8000EE848 /* ProfileComponents */,
				F3AD77AA2A1D9F7700499545 /* FeedComponents */,
				F33B44072A173AD900B83FFA /* HomeCpmponents */,
				F310FFF82A0ABDB40093365E /* WorkoutComponents */,
				F310FFE52A09FA540093365E /* CalorieComponents */,
				F366615C2A04CFFE00166299 /* Model */,
				F366615E2A04D00B00166299 /* View Model */,
				F366615D2A04D00400166299 /* View */,
				F366614E2A04CFEC00166299 /* WorkoutPalApp.swift */,
				F37CB3952A2DBA03005E3E82 /* Service */,
				F33B440F2A19E11400B83FFA /* GoogleService-Info.plist */,
				F36661522A04CFEC00166299 /* Assets.xcassets */,
				F36661612A04D17000166299 /* WorkoutContainer.xcdatamodeld */,
				F36661542A04CFEC00166299 /* Preview Content */,
			);
			path = WorkoutPal;
			sourceTree = "<group>";
		};
		F36661542A04CFEC00166299 /* Preview Content */ = {
			isa = PBXGroup;
			children = (
				F36661552A04CFEC00166299 /* Preview Assets.xcassets */,
			);
			path = "Preview Content";
			sourceTree = "<group>";
		};
		F366615C2A04CFFE00166299 /* Model */ = {
			isa = PBXGroup;
			children = (
				F3DE2ACF2A24AE45000EE848 /* MessageFeed.swift */,
			);
			path = Model;
			sourceTree = "<group>";
		};
		F366615D2A04D00400166299 /* View */ = {
			isa = PBXGroup;
			children = (
				F32DBD042A1B2C58007ECFFC /* Onboarding */,
				F32DBD032A1B2C4C007ECFFC /* Profile */,
				F32DBD022A1B2C41007ECFFC /* Feed */,
				F33B440E2A19DE5400B83FFA /* HomeView */,
				F310FFF52A0AA8970093365E /* Workout */,
				F310FFEA2A0A02390093365E /* CalorieTracker */,
				F310FFE82A0A01360093365E /* MainTabView.swift */,
			);
			path = View;
			sourceTree = "<group>";
		};
		F366615E2A04D00B00166299 /* View Model */ = {
			isa = PBXGroup;
			children = (
				F366615F2A04D11B00166299 /* DataModel.swift */,
				F33B44192A19E3DC00B83FFA /* UserDataModel.swift */,
				F3AD77AF2A1DAFAD00499545 /* FeedDataModel.swift */,
			);
			path = "View Model";
			sourceTree = "<group>";
		};
		F37CB3952A2DBA03005E3E82 /* Service */ = {
			isa = PBXGroup;
			children = (
				F34E6A022A0B84EB002B5A53 /* Service.swift */,
				F37CB3932A2DB620005E3E82 /* DateExtensions.swift */,
				F3CD92FE2A25E83700EE4125 /* CustomErrors.swift */,
			);
			path = Service;
			sourceTree = "<group>";
		};
		F3AD77AA2A1D9F7700499545 /* FeedComponents */ = {
			isa = PBXGroup;
			children = (
				F3AD77B12A1DC0C400499545 /* ForYouFeedView.swift */,
				F3DE2AC82A2487F0000EE848 /* LoadingView.swift */,
				F3DE2AD22A259E7B000EE848 /* PostView.swift */,
			);
			path = FeedComponents;
			sourceTree = "<group>";
		};
		F3DE2AD12A2577B8000EE848 /* ProfileComponents */ = {
			isa = PBXGroup;
			children = (
				F3AD77AB2A1D9F9500499545 /* ProfileHeaderComp.swift */,
				F3AD77B52A1DD85900499545 /* ProfileYourPostView.swift */,
			);
			path = ProfileComponents;
			sourceTree = "<group>";
		};
/* End PBXGroup section */

/* Begin PBXNativeTarget section */
		F366614A2A04CFEC00166299 /* WorkoutPal */ = {
			isa = PBXNativeTarget;
			buildConfigurationList = F36661592A04CFEC00166299 /* Build configuration list for PBXNativeTarget "WorkoutPal" */;
			buildPhases = (
				F36661472A04CFEC00166299 /* Sources */,
				F36661482A04CFEC00166299 /* Frameworks */,
				F36661492A04CFEC00166299 /* Resources */,
			);
			buildRules = (
			);
			dependencies = (
			);
			name = WorkoutPal;
			packageProductDependencies = (
				F33B44122A19E22A00B83FFA /* FirebaseAuth */,
				F33B44142A19E22A00B83FFA /* FirebaseFirestore */,
				F33B44172A19E24600B83FFA /* FirebaseStorage */,
				F3DE2AD52A25A252000EE848 /* SDWebImageSwiftUI */,
			);
			productName = WorkoutPal;
			productReference = F366614B2A04CFEC00166299 /* WorkoutPal.app */;
			productType = "com.apple.product-type.application";
		};
/* End PBXNativeTarget section */

/* Begin PBXProject section */
		F36661432A04CFEB00166299 /* Project object */ = {
			isa = PBXProject;
			attributes = {
				BuildIndependentTargetsInParallel = 1;
				LastSwiftUpdateCheck = 1420;
				LastUpgradeCheck = 1420;
				TargetAttributes = {
					F366614A2A04CFEC00166299 = {
						CreatedOnToolsVersion = 14.2;
					};
				};
			};
			buildConfigurationList = F36661462A04CFEB00166299 /* Build configuration list for PBXProject "WorkoutPal" */;
			compatibilityVersion = "Xcode 14.0";
			developmentRegion = en;
			hasScannedForEncodings = 0;
			knownRegions = (
				en,
				Base,
			);
			mainGroup = F36661422A04CFEB00166299;
			packageReferences = (
				F33B44112A19E22A00B83FFA /* XCRemoteSwiftPackageReference "firebase-ios-sdk" */,
				F3DE2AD42A25A252000EE848 /* XCRemoteSwiftPackageReference "SDWebImageSwiftUI" */,
			);
			productRefGroup = F366614C2A04CFEC00166299 /* Products */;
			projectDirPath = "";
			projectRoot = "";
			targets = (
				F366614A2A04CFEC00166299 /* WorkoutPal */,
			);
		};
/* End PBXProject section */

/* Begin PBXResourcesBuildPhase section */
		F36661492A04CFEC00166299 /* Resources */ = {
			isa = PBXResourcesBuildPhase;
			buildActionMask = 2147483647;
			files = (
				F36661562A04CFEC00166299 /* Preview Assets.xcassets in Resources */,
				F36661532A04CFEC00166299 /* Assets.xcassets in Resources */,
				F33B44102A19E11400B83FFA /* GoogleService-Info.plist in Resources */,
			);
			runOnlyForDeploymentPostprocessing = 0;
		};
/* End PBXResourcesBuildPhase section */

/* Begin PBXSourcesBuildPhase section */
		F36661472A04CFEC00166299 /* Sources */ = {
			isa = PBXSourcesBuildPhase;
			buildActionMask = 2147483647;
			files = (
				F310FFF42A0A349C0093365E /* SingleWorkoutPlanRowView.swift in Sources */,
				F3CD92FF2A25E83700EE4125 /* CustomErrors.swift in Sources */,
				F363A9F02A15B950006B7041 /* HomeScrollView.swift in Sources */,
				F36661512A04CFEC00166299 /* CalorieTrackerView.swift in Sources */,
				F33B440D2A185D5E00B83FFA /* HomeWorkoutView.swift in Sources */,
				F310FFFA2A0ABDC60093365E /* WorkoutSectionView.swift in Sources */,
				F34E6A012A0B8301002B5A53 /* HomeMainView.swift in Sources */,
				F32DBD0C2A1B3E50007ECFFC /* OnboardingSelectionView.swift in Sources */,
				F3AD77B42A1DC47900499545 /* FeedNewMessageView.swift in Sources */,
				F37CB3942A2DB620005E3E82 /* DateExtensions.swift in Sources */,
				F3AD77B02A1DAFAD00499545 /* FeedDataModel.swift in Sources */,
				F3DE2AD02A24AE45000EE848 /* MessageFeed.swift in Sources */,
				F366614F2A04CFEC00166299 /* WorkoutPalApp.swift in Sources */,
				F33B44062A17372D00B83FFA /* StatsRectangleView.swift in Sources */,
				F310FFEC2A0A02500093365E /* WorkoutMainView.swift in Sources */,
				F33B441A2A19E3DC00B83FFA /* UserDataModel.swift in Sources */,
				F36661602A04D11B00166299 /* DataModel.swift in Sources */,
				F3DE2AC92A2487F0000EE848 /* LoadingView.swift in Sources */,
				F310FFE72A09FA6A0093365E /* CalorieRowView.swift in Sources */,
				F32DBD0A2A1B3BAF007ECFFC /* FeedStartView.swift in Sources */,
				F310FFF22A0A2FC60093365E /* WorkoutPlanRowView.swift in Sources */,
				F3AD77A92A1D9CE700499545 /* ProfileMainView.swift in Sources */,
				F34E6A032A0B84EB002B5A53 /* Service.swift in Sources */,
				F3AD77AE2A1DA13300499545 /* FeedMainView.swift in Sources */,
				F33B44042A17367C00B83FFA /* HomeStatsView.swift in Sources */,
				F3AD77B62A1DD85900499545 /* ProfileYourPostView.swift in Sources */,
				F32DBD082A1B3481007ECFFC /* SignInView.swift in Sources */,
				F310FFEE2A0A29EE0093365E /* NewWorkoutPlanView.swift in Sources */,
				F32DBD062A1B2C69007ECFFC /* SignUpView.swift in Sources */,
				F310FFF72A0AB8FE0093365E /* CalorieSectionView.swift in Sources */,
				F3DE2AD32A259E7B000EE848 /* PostView.swift in Sources */,
				F3AD77B22A1DC0C400499545 /* ForYouFeedView.swift in Sources */,
				F310FFF02A0A2B720093365E /* NewSingleWorkoutView.swift in Sources */,
				F310FFE92A0A01360093365E /* MainTabView.swift in Sources */,
				F36661632A04D17000166299 /* WorkoutContainer.xcdatamodeld in Sources */,
				F310FFE42A09F4BD0093365E /* AddMealView.swift in Sources */,
				F3AD77AC2A1D9F9500499545 /* ProfileHeaderComp.swift in Sources */,
			);
			runOnlyForDeploymentPostprocessing = 0;
		};
/* End PBXSourcesBuildPhase section */

/* Begin XCBuildConfiguration section */
		F36661572A04CFEC00166299 /* Debug */ = {
			isa = XCBuildConfiguration;
			buildSettings = {
				ALWAYS_SEARCH_USER_PATHS = NO;
				CLANG_ANALYZER_NONNULL = YES;
				CLANG_ANALYZER_NUMBER_OBJECT_CONVERSION = YES_AGGRESSIVE;
				CLANG_CXX_LANGUAGE_STANDARD = "gnu++20";
				CLANG_ENABLE_MODULES = YES;
				CLANG_ENABLE_OBJC_ARC = YES;
				CLANG_ENABLE_OBJC_WEAK = YES;
				CLANG_WARN_BLOCK_CAPTURE_AUTORELEASING = YES;
				CLANG_WARN_BOOL_CONVERSION = YES;
				CLANG_WARN_COMMA = YES;
				CLANG_WARN_CONSTANT_CONVERSION = YES;
				CLANG_WARN_DEPRECATED_OBJC_IMPLEMENTATIONS = YES;
				CLANG_WARN_DIRECT_OBJC_ISA_USAGE = YES_ERROR;
				CLANG_WARN_DOCUMENTATION_COMMENTS = YES;
				CLANG_WARN_EMPTY_BODY = YES;
				CLANG_WARN_ENUM_CONVERSION = YES;
				CLANG_WARN_INFINITE_RECURSION = YES;
				CLANG_WARN_INT_CONVERSION = YES;
				CLANG_WARN_NON_LITERAL_NULL_CONVERSION = YES;
				CLANG_WARN_OBJC_IMPLICIT_RETAIN_SELF = YES;
				CLANG_WARN_OBJC_LITERAL_CONVERSION = YES;
				CLANG_WARN_OBJC_ROOT_CLASS = YES_ERROR;
				CLANG_WARN_QUOTED_INCLUDE_IN_FRAMEWORK_HEADER = YES;
				CLANG_WARN_RANGE_LOOP_ANALYSIS = YES;
				CLANG_WARN_STRICT_PROTOTYPES = YES;
				CLANG_WARN_SUSPICIOUS_MOVE = YES;
				CLANG_WARN_UNGUARDED_AVAILABILITY = YES_AGGRESSIVE;
				CLANG_WARN_UNREACHABLE_CODE = YES;
				CLANG_WARN__DUPLICATE_METHOD_MATCH = YES;
				COPY_PHASE_STRIP = NO;
				DEBUG_INFORMATION_FORMAT = dwarf;
				ENABLE_STRICT_OBJC_MSGSEND = YES;
				ENABLE_TESTABILITY = YES;
				GCC_C_LANGUAGE_STANDARD = gnu11;
				GCC_DYNAMIC_NO_PIC = NO;
				GCC_NO_COMMON_BLOCKS = YES;
				GCC_OPTIMIZATION_LEVEL = 0;
				GCC_PREPROCESSOR_DEFINITIONS = (
					"DEBUG=1",
					"$(inherited)",
				);
				GCC_WARN_64_TO_32_BIT_CONVERSION = YES;
				GCC_WARN_ABOUT_RETURN_TYPE = YES_ERROR;
				GCC_WARN_UNDECLARED_SELECTOR = YES;
				GCC_WARN_UNINITIALIZED_AUTOS = YES_AGGRESSIVE;
				GCC_WARN_UNUSED_FUNCTION = YES;
				GCC_WARN_UNUSED_VARIABLE = YES;
				IPHONEOS_DEPLOYMENT_TARGET = 16.2;
				MTL_ENABLE_DEBUG_INFO = INCLUDE_SOURCE;
				MTL_FAST_MATH = YES;
				ONLY_ACTIVE_ARCH = YES;
				SDKROOT = iphoneos;
				SWIFT_ACTIVE_COMPILATION_CONDITIONS = DEBUG;
				SWIFT_OPTIMIZATION_LEVEL = "-Onone";
			};
			name = Debug;
		};
		F36661582A04CFEC00166299 /* Release */ = {
			isa = XCBuildConfiguration;
			buildSettings = {
				ALWAYS_SEARCH_USER_PATHS = NO;
				CLANG_ANALYZER_NONNULL = YES;
				CLANG_ANALYZER_NUMBER_OBJECT_CONVERSION = YES_AGGRESSIVE;
				CLANG_CXX_LANGUAGE_STANDARD = "gnu++20";
				CLANG_ENABLE_MODULES = YES;
				CLANG_ENABLE_OBJC_ARC = YES;
				CLANG_ENABLE_OBJC_WEAK = YES;
				CLANG_WARN_BLOCK_CAPTURE_AUTORELEASING = YES;
				CLANG_WARN_BOOL_CONVERSION = YES;
				CLANG_WARN_COMMA = YES;
				CLANG_WARN_CONSTANT_CONVERSION = YES;
				CLANG_WARN_DEPRECATED_OBJC_IMPLEMENTATIONS = YES;
				CLANG_WARN_DIRECT_OBJC_ISA_USAGE = YES_ERROR;
				CLANG_WARN_DOCUMENTATION_COMMENTS = YES;
				CLANG_WARN_EMPTY_BODY = YES;
				CLANG_WARN_ENUM_CONVERSION = YES;
				CLANG_WARN_INFINITE_RECURSION = YES;
				CLANG_WARN_INT_CONVERSION = YES;
				CLANG_WARN_NON_LITERAL_NULL_CONVERSION = YES;
				CLANG_WARN_OBJC_IMPLICIT_RETAIN_SELF = YES;
				CLANG_WARN_OBJC_LITERAL_CONVERSION = YES;
				CLANG_WARN_OBJC_ROOT_CLASS = YES_ERROR;
				CLANG_WARN_QUOTED_INCLUDE_IN_FRAMEWORK_HEADER = YES;
				CLANG_WARN_RANGE_LOOP_ANALYSIS = YES;
				CLANG_WARN_STRICT_PROTOTYPES = YES;
				CLANG_WARN_SUSPICIOUS_MOVE = YES;
				CLANG_WARN_UNGUARDED_AVAILABILITY = YES_AGGRESSIVE;
				CLANG_WARN_UNREACHABLE_CODE = YES;
				CLANG_WARN__DUPLICATE_METHOD_MATCH = YES;
				COPY_PHASE_STRIP = NO;
				DEBUG_INFORMATION_FORMAT = "dwarf-with-dsym";
				ENABLE_NS_ASSERTIONS = NO;
				ENABLE_STRICT_OBJC_MSGSEND = YES;
				GCC_C_LANGUAGE_STANDARD = gnu11;
				GCC_NO_COMMON_BLOCKS = YES;
				GCC_WARN_64_TO_32_BIT_CONVERSION = YES;
				GCC_WARN_ABOUT_RETURN_TYPE = YES_ERROR;
				GCC_WARN_UNDECLARED_SELECTOR = YES;
				GCC_WARN_UNINITIALIZED_AUTOS = YES_AGGRESSIVE;
				GCC_WARN_UNUSED_FUNCTION = YES;
				GCC_WARN_UNUSED_VARIABLE = YES;
				IPHONEOS_DEPLOYMENT_TARGET = 16.2;
				MTL_ENABLE_DEBUG_INFO = NO;
				MTL_FAST_MATH = YES;
				SDKROOT = iphoneos;
				SWIFT_COMPILATION_MODE = wholemodule;
				SWIFT_OPTIMIZATION_LEVEL = "-O";
				VALIDATE_PRODUCT = YES;
			};
			name = Release;
		};
		F366615A2A04CFEC00166299 /* Debug */ = {
			isa = XCBuildConfiguration;
			buildSettings = {
				ASSETCATALOG_COMPILER_APPICON_NAME = AppIcon;
				ASSETCATALOG_COMPILER_GLOBAL_ACCENT_COLOR_NAME = AccentColor;
				ASSETCATALOG_COMPILER_INCLUDE_ALL_APPICON_ASSETS = NO;
				CODE_SIGN_STYLE = Automatic;
				CURRENT_PROJECT_VERSION = 1;
				DEVELOPMENT_ASSET_PATHS = "\"WorkoutPal/Preview Content\"";
				DEVELOPMENT_TEAM = QG3YZK6HZG;
				ENABLE_PREVIEWS = YES;
				GENERATE_INFOPLIST_FILE = YES;
				INFOPLIST_KEY_LSApplicationCategoryType = "public.app-category.healthcare-fitness";
				INFOPLIST_KEY_UIApplicationSceneManifest_Generation = YES;
				INFOPLIST_KEY_UIApplicationSupportsIndirectInputEvents = YES;
				INFOPLIST_KEY_UILaunchScreen_Generation = YES;
				INFOPLIST_KEY_UISupportedInterfaceOrientations = UIInterfaceOrientationPortrait;
				INFOPLIST_KEY_UISupportedInterfaceOrientations_iPad = "UIInterfaceOrientationLandscapeLeft UIInterfaceOrientationLandscapeRight UIInterfaceOrientationPortrait UIInterfaceOrientationPortraitUpsideDown";
				IPHONEOS_DEPLOYMENT_TARGET = 16.0;
				LD_RUNPATH_SEARCH_PATHS = (
					"$(inherited)",
					"@executable_path/Frameworks",
				);
				MARKETING_VERSION = 1.0;
				PRODUCT_BUNDLE_IDENTIFIER = me.Thomas.Howard.WorkoutPal;
				PRODUCT_NAME = "$(TARGET_NAME)";
				SWIFT_EMIT_LOC_STRINGS = YES;
				SWIFT_VERSION = 5.0;
				TARGETED_DEVICE_FAMILY = "1,2";
			};
			name = Debug;
		};
		F366615B2A04CFEC00166299 /* Release */ = {
			isa = XCBuildConfiguration;
			buildSettings = {
				ASSETCATALOG_COMPILER_APPICON_NAME = AppIcon;
				ASSETCATALOG_COMPILER_GLOBAL_ACCENT_COLOR_NAME = AccentColor;
				ASSETCATALOG_COMPILER_INCLUDE_ALL_APPICON_ASSETS = NO;
				CODE_SIGN_STYLE = Automatic;
				CURRENT_PROJECT_VERSION = 1;
				DEVELOPMENT_ASSET_PATHS = "\"WorkoutPal/Preview Content\"";
				DEVELOPMENT_TEAM = QG3YZK6HZG;
				ENABLE_PREVIEWS = YES;
				GENERATE_INFOPLIST_FILE = YES;
				INFOPLIST_KEY_LSApplicationCategoryType = "public.app-category.healthcare-fitness";
				INFOPLIST_KEY_UIApplicationSceneManifest_Generation = YES;
				INFOPLIST_KEY_UIApplicationSupportsIndirectInputEvents = YES;
				INFOPLIST_KEY_UILaunchScreen_Generation = YES;
				INFOPLIST_KEY_UISupportedInterfaceOrientations = UIInterfaceOrientationPortrait;
				INFOPLIST_KEY_UISupportedInterfaceOrientations_iPad = "UIInterfaceOrientationLandscapeLeft UIInterfaceOrientationLandscapeRight UIInterfaceOrientationPortrait UIInterfaceOrientationPortraitUpsideDown";
				IPHONEOS_DEPLOYMENT_TARGET = 16.0;
				LD_RUNPATH_SEARCH_PATHS = (
					"$(inherited)",
					"@executable_path/Frameworks",
				);
				MARKETING_VERSION = 1.0;
				PRODUCT_BUNDLE_IDENTIFIER = me.Thomas.Howard.WorkoutPal;
				PRODUCT_NAME = "$(TARGET_NAME)";
				SWIFT_EMIT_LOC_STRINGS = YES;
				SWIFT_VERSION = 5.0;
				TARGETED_DEVICE_FAMILY = "1,2";
			};
			name = Release;
		};
/* End XCBuildConfiguration section */

/* Begin XCConfigurationList section */
		F36661462A04CFEB00166299 /* Build configuration list for PBXProject "WorkoutPal" */ = {
			isa = XCConfigurationList;
			buildConfigurations = (
				F36661572A04CFEC00166299 /* Debug */,
				F36661582A04CFEC00166299 /* Release */,
			);
			defaultConfigurationIsVisible = 0;
			defaultConfigurationName = Release;
		};
		F36661592A04CFEC00166299 /* Build configuration list for PBXNativeTarget "WorkoutPal" */ = {
			isa = XCConfigurationList;
			buildConfigurations = (
				F366615A2A04CFEC00166299 /* Debug */,
				F366615B2A04CFEC00166299 /* Release */,
			);
			defaultConfigurationIsVisible = 0;
			defaultConfigurationName = Release;
		};
/* End XCConfigurationList section */

/* Begin XCRemoteSwiftPackageReference section */
		F33B44112A19E22A00B83FFA /* XCRemoteSwiftPackageReference "firebase-ios-sdk" */ = {
			isa = XCRemoteSwiftPackageReference;
			repositoryURL = "https://github.com/firebase/firebase-ios-sdk";
			requirement = {
				kind = exactVersion;
				version = 9.6.0;
			};
		};
		F3DE2AD42A25A252000EE848 /* XCRemoteSwiftPackageReference "SDWebImageSwiftUI" */ = {
			isa = XCRemoteSwiftPackageReference;
			repositoryURL = "https://github.com/SDWebImage/SDWebImageSwiftUI";
			requirement = {
				kind = upToNextMajorVersion;
				minimumVersion = 2.0.0;
			};
		};
/* End XCRemoteSwiftPackageReference section */

/* Begin XCSwiftPackageProductDependency section */
		F33B44122A19E22A00B83FFA /* FirebaseAuth */ = {
			isa = XCSwiftPackageProductDependency;
			package = F33B44112A19E22A00B83FFA /* XCRemoteSwiftPackageReference "firebase-ios-sdk" */;
			productName = FirebaseAuth;
		};
		F33B44142A19E22A00B83FFA /* FirebaseFirestore */ = {
			isa = XCSwiftPackageProductDependency;
			package = F33B44112A19E22A00B83FFA /* XCRemoteSwiftPackageReference "firebase-ios-sdk" */;
			productName = FirebaseFirestore;
		};
		F33B44172A19E24600B83FFA /* FirebaseStorage */ = {
			isa = XCSwiftPackageProductDependency;
			package = F33B44112A19E22A00B83FFA /* XCRemoteSwiftPackageReference "firebase-ios-sdk" */;
			productName = FirebaseStorage;
		};
		F3DE2AD52A25A252000EE848 /* SDWebImageSwiftUI */ = {
			isa = XCSwiftPackageProductDependency;
			package = F3DE2AD42A25A252000EE848 /* XCRemoteSwiftPackageReference "SDWebImageSwiftUI" */;
			productName = SDWebImageSwiftUI;
		};
/* End XCSwiftPackageProductDependency section */

/* Begin XCVersionGroup section */
		F36661612A04D17000166299 /* WorkoutContainer.xcdatamodeld */ = {
			isa = XCVersionGroup;
			children = (
				F36661622A04D17000166299 /* WorkoutContainer.xcdatamodel */,
			);
			currentVersion = F36661622A04D17000166299 /* WorkoutContainer.xcdatamodel */;
			path = WorkoutContainer.xcdatamodeld;
			sourceTree = "<group>";
			versionGroupType = wrapper.xcdatamodel;
		};
/* End XCVersionGroup section */
	};
	rootObject = F36661432A04CFEB00166299 /* Project object */;
}
